
Microsoft Visual Studio Solution File, Format Version 12.00
# Visual Studio Version 17
VisualStudioVersion = 17.8.34408.163
MinimumVisualStudioVersion = 10.0.40219.1
Project("{9A19103F-16F7-4668-BE54-9A1E7A4F7556}") = "teht1_xunit", "teht1_xunit\teht1_xunit.csproj", "{68F8C11C-5D2A-4DE5-B3CF-8803B7C23D12}"
EndProject
Project("{FAE04EC0-301F-11D3-BF4B-00C04F79EFBC}") = "teht1_consoleapp", "teht1_consoleapp\teht1_consoleapp.csproj", "{C9077F94-FBD5-4310-809E-BFFD8B4CD228}"
EndProject
Global
	GlobalSection(SolutionConfigurationPlatforms) = preSolution
		Debug|Any CPU = Debug|Any CPU
		Release|Any CPU = Release|Any CPU
	EndGlobalSection
	GlobalSection(ProjectConfigurationPlatforms) = postSolution
		{68F8C11C-5D2A-4DE5-B3CF-8803B7C23D12}.Debug|Any CPU.ActiveCfg = Debug|Any CPU
		{68F8C11C-5D2A-4DE5-B3CF-8803B7C23D12}.Debug|Any CPU.Build.0 = Debug|Any CPU
		{68F8C11C-5D2A-4DE5-B3CF-8803B7C23D12}.Release|Any CPU.ActiveCfg = Release|Any CPU
		{68F8C11C-5D2A-4DE5-B3CF-8803B7C23D12}.Release|Any CPU.Build.0 = Release|Any CPU
		{C9077F94-FBD5-4310-809E-BFFD8B4CD228}.Debug|Any CPU.ActiveCfg = Debug|Any CPU
		{C9077F94-FBD5-4310-809E-BFFD8B4CD228}.Debug|Any CPU.Build.0 = Debug|Any CPU
		{C9077F94-FBD5-4310-809E-BFFD8B4CD228}.Release|Any CPU.ActiveCfg = Release|Any CPU
		{C9077F94-FBD5-4310-809E-BFFD8B4CD228}.Release|Any CPU.Build.0 = Release|Any CPU
	EndGlobalSection
	GlobalSection(SolutionProperties) = preSolution
		HideSolutionNode = FALSE
	EndGlobalSection
	GlobalSection(ExtensibilityGlobals) = postSolution
		SolutionGuid = {9F4711DB-30C1-40D1-A211-21DE8253B9EA}
	EndGlobalSection
EndGlobal
